
Microsoft Visual Studio Solution File, Format Version 12.00
# Visual Studio Version 17
VisualStudioVersion = 17.4.33213.308
MinimumVisualStudioVersion = 10.0.40219.1
Project("{FAE04EC0-301F-11D3-BF4B-00C04F79EFBC}") = "CatYearsXAMLDemo", "CatYearsXAMLDemo.csproj", "{21AB9EC0-A0E0-422E-B65B-817C350D16B3}"
EndProject
Global
	GlobalSection(SolutionConfigurationPlatforms) = preSolution
		Debug|Any CPU = Debug|Any CPU
		Release|Any CPU = Release|Any CPU
	EndGlobalSection
	GlobalSection(ProjectConfigurationPlatforms) = postSolution
		{21AB9EC0-A0E0-422E-B65B-817C350D16B3}.Debug|Any CPU.ActiveCfg = Debug|Any CPU
		{21AB9EC0-A0E0-422E-B65B-817C350D16B3}.Debug|Any CPU.Build.0 = Debug|Any CPU
		{21AB9EC0-A0E0-422E-B65B-817C350D16B3}.Release|Any CPU.ActiveCfg = Release|Any CPU
		{21AB9EC0-A0E0-422E-B65B-817C350D16B3}.Release|Any CPU.Build.0 = Release|Any CPU
	EndGlobalSection
	GlobalSection(SolutionProperties) = preSolution
		HideSolutionNode = FALSE
	EndGlobalSection
	GlobalSection(ExtensibilityGlobals) = postSolution
		SolutionGuid = {374CFA28-1B54-40D6-91C6-6BD7A52F5EE1}
	EndGlobalSection
EndGlobal
